// !$*UTF8*$!
{
	archiveVersion = 1;
	classes = {
	};
	objectVersion = 50;
	objects = {

/* Begin PBXBuildFile section */
		B50E062521A2B3C4000B0C99 /* AppDelegate.swift in Sources */ = {isa = PBXBuildFile; fileRef = B50E062421A2B3C4000B0C99 /* AppDelegate.swift */; };
		B50E062721A2B3C4000B0C99 /* ViewController.swift in Sources */ = {isa = PBXBuildFile; fileRef = B50E062621A2B3C4000B0C99 /* ViewController.swift */; };
		B50E062A21A2B3C4000B0C99 /* Main.storyboard in Resources */ = {isa = PBXBuildFile; fileRef = B50E062821A2B3C4000B0C99 /* Main.storyboard */; };
		B50E062C21A2B3C5000B0C99 /* Assets.xcassets in Resources */ = {isa = PBXBuildFile; fileRef = B50E062B21A2B3C5000B0C99 /* Assets.xcassets */; };
		B50E062F21A2B3C5000B0C99 /* LaunchScreen.storyboard in Resources */ = {isa = PBXBuildFile; fileRef = B50E062D21A2B3C5000B0C99 /* LaunchScreen.storyboard */; };
		B50E063821A39652000B0C99 /* Concentration.swift in Sources */ = {isa = PBXBuildFile; fileRef = B50E063721A39652000B0C99 /* Concentration.swift */; };
		B50E063A21A39813000B0C99 /* card.swift in Sources */ = {isa = PBXBuildFile; fileRef = B50E063921A39813000B0C99 /* card.swift */; };
		B58C598321F21F9B00908117 /* Myviewc.swift in Sources */ = {isa = PBXBuildFile; fileRef = B58C598221F21F9B00908117 /* Myviewc.swift */; };
/* End PBXBuildFile section */

/* Begin PBXFileReference section */
		B50E062121A2B3C4000B0C99 /* game1.app */ = {isa = PBXFileReference; explicitFileType = wrapper.application; includeInIndex = 0; path = game1.app; sourceTree = BUILT_PRODUCTS_DIR; };
		B50E062421A2B3C4000B0C99 /* AppDelegate.swift */ = {isa = PBXFileReference; lastKnownFileType = sourcecode.swift; path = AppDelegate.swift; sourceTree = "<group>"; };
		B50E062621A2B3C4000B0C99 /* ViewController.swift */ = {isa = PBXFileReference; lastKnownFileType = sourcecode.swift; path = ViewController.swift; sourceTree = "<group>"; };
		B50E062921A2B3C4000B0C99 /* Base */ = {isa = PBXFileReference; lastKnownFileType = file.storyboard; name = Base; path = Base.lproj/Main.storyboard; sourceTree = "<group>"; };
		B50E062B21A2B3C5000B0C99 /* Assets.xcassets */ = {isa = PBXFileReference; lastKnownFileType = folder.assetcatalog; path = Assets.xcassets; sourceTree = "<group>"; };
		B50E062E21A2B3C5000B0C99 /* Base */ = {isa = PBXFileReference; lastKnownFileType = file.storyboard; name = Base; path = Base.lproj/LaunchScreen.storyboard; sourceTree = "<group>"; };
		B50E063021A2B3C5000B0C99 /* Info.plist */ = {isa = PBXFileReference; lastKnownFileType = text.plist.xml; path = Info.plist; sourceTree = "<group>"; };
		B50E063721A39652000B0C99 /* Concentration.swift */ = {isa = PBXFileReference; lastKnownFileType = sourcecode.swift; path = Concentration.swift; sourceTree = "<group>"; };
		B50E063921A39813000B0C99 /* card.swift */ = {isa = PBXFileReference; lastKnownFileType = sourcecode.swift; path = card.swift; sourceTree = "<group>"; };
		B58C598221F21F9B00908117 /* Myviewc.swift */ = {isa = PBXFileReference; lastKnownFileType = sourcecode.swift; path = Myviewc.swift; sourceTree = "<group>"; };
/* End PBXFileReference section */

/* Begin PBXFrameworksBuildPhase section */
		B50E061E21A2B3C4000B0C99 /* Frameworks */ = {
			isa = PBXFrameworksBuildPhase;
			buildActionMask = 2147483647;
			files = (
			);
			runOnlyForDeploymentPostprocessing = 0;
		};
/* End PBXFrameworksBuildPhase section */

/* Begin PBXGroup section */
		B50E061821A2B3C4000B0C99 = {
			isa = PBXGroup;
			children = (
				B50E062321A2B3C4000B0C99 /* game1 */,
				B50E062221A2B3C4000B0C99 /* Products */,
			);
			sourceTree = "<group>";
		};
		B50E062221A2B3C4000B0C99 /* Products */ = {
			isa = PBXGroup;
			children = (
				B50E062121A2B3C4000B0C99 /* game1.app */,
			);
			name = Products;
			sourceTree = "<group>";
		};
		B50E062321A2B3C4000B0C99 /* game1 */ = {
			isa = PBXGroup;
			children = (
				B50E063621A2BAE9000B0C99 /* New Group */,
				B50E062621A2B3C4000B0C99 /* ViewController.swift */,
				B58C598221F21F9B00908117 /* Myviewc.swift */,
				B50E062821A2B3C4000B0C99 /* Main.storyboard */,
				B50E063021A2B3C5000B0C99 /* Info.plist */,
				B50E063721A39652000B0C99 /* Concentration.swift */,
				B50E063921A39813000B0C99 /* card.swift */,
			);
			path = game1;
			sourceTree = "<group>";
		};
		B50E063621A2BAE9000B0C99 /* New Group */ = {
			isa = PBXGroup;
			children = (
				B50E062421A2B3C4000B0C99 /* AppDelegate.swift */,
				B50E062B21A2B3C5000B0C99 /* Assets.xcassets */,
				B50E062D21A2B3C5000B0C99 /* LaunchScreen.storyboard */,
			);
			path = "New Group";
			sourceTree = "<group>";
		};
/* End PBXGroup section */

/* Begin PBXNativeTarget section */
		B50E062021A2B3C4000B0C99 /* game1 */ = {
			isa = PBXNativeTarget;
			buildConfigurationList = B50E063321A2B3C5000B0C99 /* Build configuration list for PBXNativeTarget "game1" */;
			buildPhases = (
				B50E061D21A2B3C4000B0C99 /* Sources */,
				B50E061E21A2B3C4000B0C99 /* Frameworks */,
				B50E061F21A2B3C4000B0C99 /* Resources */,
			);
			buildRules = (
			);
			dependencies = (
			);
			name = game1;
			productName = game1;
			productReference = B50E062121A2B3C4000B0C99 /* game1.app */;
			productType = "com.apple.product-type.application";
		};
/* End PBXNativeTarget section */

/* Begin PBXProject section */
		B50E061921A2B3C4000B0C99 /* Project object */ = {
			isa = PBXProject;
			attributes = {
				LastSwiftUpdateCheck = 1000;
				LastUpgradeCheck = 1000;
				ORGANIZATIONNAME = "无敌帅的yyyy";
				TargetAttributes = {
					B50E062021A2B3C4000B0C99 = {
						CreatedOnToolsVersion = 10.0;
					};
				};
			};
			buildConfigurationList = B50E061C21A2B3C4000B0C99 /* Build configuration list for PBXProject "game1" */;
			compatibilityVersion = "Xcode 9.3";
			developmentRegion = en;
			hasScannedForEncodings = 0;
			knownRegions = (
				en,
				Base,
			);
			mainGroup = B50E061821A2B3C4000B0C99;
			productRefGroup = B50E062221A2B3C4000B0C99 /* Products */;
			projectDirPath = "";
			projectRoot = "";
			targets = (
				B50E062021A2B3C4000B0C99 /* game1 */,
			);
		};
/* End PBXProject section */

/* Begin PBXResourcesBuildPhase section */
		B50E061F21A2B3C4000B0C99 /* Resources */ = {
			isa = PBXResourcesBuildPhase;
			buildActionMask = 2147483647;
			files = (
				B50E062F21A2B3C5000B0C99 /* LaunchScreen.storyboard in Resources */,
				B50E062C21A2B3C5000B0C99 /* Assets.xcassets in Resources */,
				B50E062A21A2B3C4000B0C99 /* Main.storyboard in Resources */,
			);
			runOnlyForDeploymentPostprocessing = 0;
		};
/* End PBXResourcesBuildPhase section */

/* Begin PBXSourcesBuildPhase section */
		B50E061D21A2B3C4000B0C99 /* Sources */ = {
			isa = PBXSourcesBuildPhase;
			buildActionMask = 2147483647;
			files = (
				B50E062721A2B3C4000B0C99 /* ViewController.swift in Sources */,
				B50E062521A2B3C4000B0C99 /* AppDelegate.swift in Sources */,
				B50E063821A39652000B0C99 /* Concentration.swift in Sources */,
				B50E063A21A39813000B0C99 /* card.swift in Sources */,
				B58C598321F21F9B00908117 /* Myviewc.swift in Sources */,
			);
			runOnlyForDeploymentPostprocessing = 0;
		};
/* End PBXSourcesBuildPhase section */

/* Begin PBXVariantGroup section */
		B50E062821A2B3C4000B0C99 /* Main.storyboard */ = {
			isa = PBXVariantGroup;
			children = (
				B50E062921A2B3C4000B0C99 /* Base */,
			);
			name = Main.storyboard;
			sourceTree = "<group>";
		};
		B50E062D21A2B3C5000B0C99 /* LaunchScreen.storyboard */ = {
			isa = PBXVariantGroup;
			children = (
				B50E062E21A2B3C5000B0C99 /* Base */,
			);
			name = LaunchScreen.storyboard;
			sourceTree = "<group>";
		};
/* End PBXVariantGroup section */

/* Begin XCBuildConfiguration section */
		B50E063121A2B3C5000B0C99 /* Debug */ = {
			isa = XCBuildConfiguration;
			buildSettings = {
				ALWAYS_SEARCH_USER_PATHS = NO;
				CLANG_ANALYZER_NONNULL = YES;
				CLANG_ANALYZER_NUMBER_OBJECT_CONVERSION = YES_AGGRESSIVE;
				CLANG_CXX_LANGUAGE_STANDARD = "gnu++14";
				CLANG_CXX_LIBRARY = "libc++";
				CLANG_ENABLE_MODULES = YES;
				CLANG_ENABLE_OBJC_ARC = YES;
				CLANG_ENABLE_OBJC_WEAK = YES;
				CLANG_WARN_BLOCK_CAPTURE_AUTORELEASING = YES;
				CLANG_WARN_BOOL_CONVERSION = YES;
				CLANG_WARN_COMMA = YES;
				CLANG_WARN_CONSTANT_CONVERSION = YES;
				CLANG_WARN_DEPRECATED_OBJC_IMPLEMENTATIONS = YES;
				CLANG_WARN_DIRECT_OBJC_ISA_USAGE = YES_ERROR;
				CLANG_WARN_DOCUMENTATION_COMMENTS = YES;
				CLANG_WARN_EMPTY_BODY = YES;
				CLANG_WARN_ENUM_CONVERSION = YES;
				CLANG_WARN_INFINITE_RECURSION = YES;
				CLANG_WARN_INT_CONVERSION = YES;
				CLANG_WARN_NON_LITERAL_NULL_CONVERSION = YES;
				CLANG_WARN_OBJC_IMPLICIT_RETAIN_SELF = YES;
				CLANG_WARN_OBJC_LITERAL_CONVERSION = YES;
				CLANG_WARN_OBJC_ROOT_CLASS = YES_ERROR;
				CLANG_WARN_RANGE_LOOP_ANALYSIS = YES;
				CLANG_WARN_STRICT_PROTOTYPES = YES;
				CLANG_WARN_SUSPICIOUS_MOVE = YES;
				CLANG_WARN_UNGUARDED_AVAILABILITY = YES_AGGRESSIVE;
				CLANG_WARN_UNREACHABLE_CODE = YES;
				CLANG_WARN__DUPLICATE_METHOD_MATCH = YES;
				CODE_SIGN_IDENTITY = "iPhone Developer";
				COPY_PHASE_STRIP = NO;
				DEBUG_INFORMATION_FORMAT = dwarf;
				ENABLE_STRICT_OBJC_MSGSEND = YES;
				ENABLE_TESTABILITY = YES;
				GCC_C_LANGUAGE_STANDARD = gnu11;
				GCC_DYNAMIC_NO_PIC = NO;
				GCC_NO_COMMON_BLOCKS = YES;
				GCC_OPTIMIZATION_LEVEL = 0;
				GCC_PREPROCESSOR_DEFINITIONS = (
					"DEBUG=1",
					"$(inherited)",
				);
				GCC_WARN_64_TO_32_BIT_CONVERSION = YES;
				GCC_WARN_ABOUT_RETURN_TYPE = YES_ERROR;
				GCC_WARN_UNDECLARED_SELECTOR = YES;
				GCC_WARN_UNINITIALIZED_AUTOS = YES_AGGRESSIVE;
				GCC_WARN_UNUSED_FUNCTION = YES;
				GCC_WARN_UNUSED_VARIABLE = YES;
				IPHONEOS_DEPLOYMENT_TARGET = 12.0;
				MTL_ENABLE_DEBUG_INFO = INCLUDE_SOURCE;
				MTL_FAST_MATH = YES;
				ONLY_ACTIVE_ARCH = YES;
				SDKROOT = iphoneos;
				SWIFT_ACTIVE_COMPILATION_CONDITIONS = DEBUG;
				SWIFT_OPTIMIZATION_LEVEL = "-Onone";
			};
			name = Debug;
		};
		B50E063221A2B3C5000B0C99 /* Release */ = {
			isa = XCBuildConfiguration;
			buildSettings = {
				ALWAYS_SEARCH_USER_PATHS = NO;
				CLANG_ANALYZER_NONNULL = YES;
				CLANG_ANALYZER_NUMBER_OBJECT_CONVERSION = YES_AGGRESSIVE;
				CLANG_CXX_LANGUAGE_STANDARD = "gnu++14";
				CLANG_CXX_LIBRARY = "libc++";
				CLANG_ENABLE_MODULES = YES;
				CLANG_ENABLE_OBJC_ARC = YES;
				CLANG_ENABLE_OBJC_WEAK = YES;
				CLANG_WARN_BLOCK_CAPTURE_AUTORELEASING = YES;
				CLANG_WARN_BOOL_CONVERSION = YES;
				CLANG_WARN_COMMA = YES;
				CLANG_WARN_CONSTANT_CONVERSION = YES;
				CLANG_WARN_DEPRECATED_OBJC_IMPLEMENTATIONS = YES;
				CLANG_WARN_DIRECT_OBJC_ISA_USAGE = YES_ERROR;
				CLANG_WARN_DOCUMENTATION_COMMENTS = YES;
				CLANG_WARN_EMPTY_BODY = YES;
				CLANG_WARN_ENUM_CONVERSION = YES;
				CLANG_WARN_INFINITE_RECURSION = YES;
				CLANG_WARN_INT_CONVERSION = YES;
				CLANG_WARN_NON_LITERAL_NULL_CONVERSION = YES;
				CLANG_WARN_OBJC_IMPLICIT_RETAIN_SELF = YES;
				CLANG_WARN_OBJC_LITERAL_CONVERSION = YES;
				CLANG_WARN_OBJC_ROOT_CLASS = YES_ERROR;
				CLANG_WARN_RANGE_LOOP_ANALYSIS = YES;
				CLANG_WARN_STRICT_PROTOTYPES = YES;
				CLANG_WARN_SUSPICIOUS_MOVE = YES;
				CLANG_WARN_UNGUARDED_AVAILABILITY = YES_AGGRESSIVE;
				CLANG_WARN_UNREACHABLE_CODE = YES;
				CLANG_WARN__DUPLICATE_METHOD_MATCH = YES;
				CODE_SIGN_IDENTITY = "iPhone Developer";
				COPY_PHASE_STRIP = NO;
				DEBUG_INFORMATION_FORMAT = "dwarf-with-dsym";
				ENABLE_NS_ASSERTIONS = NO;
				ENABLE_STRICT_OBJC_MSGSEND = YES;
				GCC_C_LANGUAGE_STANDARD = gnu11;
				GCC_NO_COMMON_BLOCKS = YES;
				GCC_WARN_64_TO_32_BIT_CONVERSION = YES;
				GCC_WARN_ABOUT_RETURN_TYPE = YES_ERROR;
				GCC_WARN_UNDECLARED_SELECTOR = YES;
				GCC_WARN_UNINITIALIZED_AUTOS = YES_AGGRESSIVE;
				GCC_WARN_UNUSED_FUNCTION = YES;
				GCC_WARN_UNUSED_VARIABLE = YES;
				IPHONEOS_DEPLOYMENT_TARGET = 12.0;
				MTL_ENABLE_DEBUG_INFO = NO;
				MTL_FAST_MATH = YES;
				SDKROOT = iphoneos;
				SWIFT_COMPILATION_MODE = wholemodule;
				SWIFT_OPTIMIZATION_LEVEL = "-O";
				VALIDATE_PRODUCT = YES;
			};
			name = Release;
		};
		B50E063421A2B3C5000B0C99 /* Debug */ = {
			isa = XCBuildConfiguration;
			buildSettings = {
				ASSETCATALOG_COMPILER_APPICON_NAME = AppIcon;
				CODE_SIGN_STYLE = Automatic;
				DEVELOPMENT_TEAM = 8L7M35DL93;
				INFOPLIST_FILE = game1/Info.plist;
				IPHONEOS_DEPLOYMENT_TARGET = 11.0;
				LD_RUNPATH_SEARCH_PATHS = (
					"$(inherited)",
					"@executable_path/Frameworks",
				);
				PRODUCT_BUNDLE_IDENTIFIER = tony.game1;
				PRODUCT_NAME = "$(TARGET_NAME)";
				SWIFT_VERSION = 4.2;
				TARGETED_DEVICE_FAMILY = "1,2";
			};
			name = Debug;
		};
		B50E063521A2B3C5000B0C99 /* Release */ = {
			isa = XCBuildConfiguration;
			buildSettings = {
				ASSETCATALOG_COMPILER_APPICON_NAME = AppIcon;
				CODE_SIGN_STYLE = Automatic;
				DEVELOPMENT_TEAM = 8L7M35DL93;
				INFOPLIST_FILE = game1/Info.plist;
				IPHONEOS_DEPLOYMENT_TARGET = 11.0;
				LD_RUNPATH_SEARCH_PATHS = (
					"$(inherited)",
					"@executable_path/Frameworks",
				);
				PRODUCT_BUNDLE_IDENTIFIER = tony.game1;
				PRODUCT_NAME = "$(TARGET_NAME)";
				SWIFT_VERSION = 4.2;
				TARGETED_DEVICE_FAMILY = "1,2";
			};
			name = Release;
		};
/* End XCBuildConfiguration section */

/* Begin XCConfigurationList section */
		B50E061C21A2B3C4000B0C99 /* Build configuration list for PBXProject "game1" */ = {
			isa = XCConfigurationList;
			buildConfigurations = (
				B50E063121A2B3C5000B0C99 /* Debug */,
				B50E063221A2B3C5000B0C99 /* Release */,
			);
			defaultConfigurationIsVisible = 0;
			defaultConfigurationName = Release;
		};
		B50E063321A2B3C5000B0C99 /* Build configuration list for PBXNativeTarget "game1" */ = {
			isa = XCConfigurationList;
			buildConfigurations = (
				B50E063421A2B3C5000B0C99 /* Debug */,
				B50E063521A2B3C5000B0C99 /* Release */,
			);
			defaultConfigurationIsVisible = 0;
			defaultConfigurationName = Release;
		};
/* End XCConfigurationList section */
	};
	rootObject = B50E061921A2B3C4000B0C99 /* Project object */;
}
